github.com/BurntSushi/toml v1.1.0 h1:ksErzDEI1khOiGPgpwuI7x2ebx/uXQNw7xJpn9Eq1+I=
github.com/BurntSushi/toml v1.1.0/go.mod h1:CxXYINrC8qIiEnFrOxCa7Jy5BFHlXnUU2pbicEuybxQ=
github.com/Racinettee/asefile v0.0.0-20220227195809-005d6ba09e87 h1:fdWbqYU7F88DGX2DkjhLF9U8FLzQJVpKDwlwZSdNlwA=
github.com/Racinettee/asefile v0.0.0-20220227195809-005d6ba09e87/go.mod h1:y0bK8ifc5yBFDp1f1hK+XdNI+vGESRgPVuMVuKv6Gk8=
github.com/Racinettee/generics v0.0.0-20220423223536-9e335d463430 h1:ZK4ixH3Ae1CiaPKuub4OB+zh0VDdZiDGyNgf/tx5wJM=
github.com/Racinettee/generics v0.0.0-20220423223536-9e335d463430/go.mod h1:gH8eylv2kls/T7cjFg6ZlpbgWKDJAo5HSNkwd1uFg38=
github.com/jessevdk/go-flags v1.5.0 h1:1jKYvbxEjfUl0fmqTCOfonvskHHXMjBySTLW4y9LFvc=
github.com/jessevdk/go-flags v1.5.0/go.mod h1:Fw0T6WPc1dYxT4mKEZRfG5kJhaTDP9pj1c2EWnYs/m4=
golang.org/x/sys v0.0.0-20210320140829-1e4c9ba3b0c4/go.mod h1:h1NjWce9XRLGQEsW7wpKNCjG9DtNlClVuFLEZdDNbEs=
golang.org/x/sys v0.0.0-20220422013727-9388b58f7150 h1:xHms4gcpe1YE7A3yIllJXP16CMAGuqwO2lX1mTyyRRc=
golang.org/x/sys v0.0.0-20220422013727-9388b58f7150/go.mod h1:oPkhp1MJrh7nUepCBck5+mAzfO9JrbApNNgaTdGDITg=
golang.org/x/text v0.3.7 h1:olpwvP2KacW1ZWvsR7uQhoyTYvKAupfQrRGBFM352Gk=
golang.org/x/text v0.3.7/go.mod h1:u+2+/6zg+i71rQMx5EYifcz6MCKuco9NR6JIITiCfzQ=
